{
    "_meta": {
        "hash": {
            "sha256": "c89ce0b5beee96b00274d41a055ff42ff2c1b400af68a4bee838b114b7cf99ce"
        },
        "pipfile-spec": 6,
        "requires": {
            "python_version": "3.7"
        },
        "sources": [
            {
                "name": "pypi",
                "url": "https://pypi.org/simple",
                "verify_ssl": true
            }
        ]
    },
    "default": {
        "asgiref": {
            "hashes": [
                "sha256:7e06d934a7718bf3975acbf87780ba678957b87c7adc056f13b6215d610695a0",
                "sha256:ea448f92fc35a0ef4b1508f53a04c4670255a3f33d22a81c8fc9c872036adbe5"
            ],
            "version": "==3.2.3"
        },
        "certifi": {
            "hashes": [
                "sha256:017c25db2a153ce562900032d5bc68e9f191e44e9a0f762f373977de9df1fbb3",
                "sha256:25b64c7da4cd7479594d035c08c2d809eb4aab3a26e5a990ea98cc450c320f1f"
            ],
            "version": "==2019.11.28"
        },
        "chardet": {
            "hashes": [
                "sha256:84ab92ed1c4d4f16916e05906b6b75a6c0fb5db821cc65e70cbd64a3e2a5eaae",
                "sha256:fc323ffcaeaed0e0a02bf4d117757b98aed530d9ed4531e3e15460124c106691"
            ],
            "version": "==3.0.4"
        },
        "django": {
            "hashes": [
                "sha256:2f1ba1db8648484dd5c238fb62504777b7ad090c81c5f1fd8d5eb5ec21b5f283",
                "sha256:c91c91a7ad6ef67a874a4f76f58ba534f9208412692a840e1d125eb5c279cb0a"
            ],
            "index": "pypi",
            "version": "==3.0.3"
        },
        "django-cors-headers": {
            "hashes": [
                "sha256:a5960addecc04527ab26617e51b8ed42f0adab4594b24bb0f3c33e2bd3857c3f",
                "sha256:a785b5f446f6635810776d9f5f5d23e6a2a2f728ea982648370afaf0dfdf2627"
            ],
            "index": "pypi",
            "version": "==3.2.1"
        },
        "djangorestframework": {
            "hashes": [
                "sha256:05809fc66e1c997fd9a32ea5730d9f4ba28b109b9da71fccfa5ff241201fd0a4",
                "sha256:e782087823c47a26826ee5b6fa0c542968219263fb3976ec3c31edab23a4001f"
            ],
            "index": "pypi",
            "version": "==3.11.0"
        },
        "djangorestframework-jwt": {
            "hashes": [
                "sha256:5efe33032f3a4518a300dc51a51c92145ad95fb6f4b272e5aa24701db67936a7",
                "sha256:ab15dfbbe535eede8e2e53adaf52ef0cf018ee27dbfad10cbc4cbec2ab63d38c"
            ],
            "index": "pypi",
            "version": "==1.11.0"
        },
        "idna": {
            "hashes": [
                "sha256:c357b3f628cf53ae2c4c05627ecc484553142ca23264e593d327bcde5e9c3407",
                "sha256:ea8b7f6188e6fa117537c3df7da9fc686d485087abf6ac197f9c46432f7e4a3c"
            ],
            "version": "==2.8"
        },
        "pyjwt": {
            "hashes": [
                "sha256:5c6eca3c2940464d106b99ba83b00c6add741c9becaec087fb7ccdefea71350e",
                "sha256:8d59a976fb773f3e6a39c85636357c4f0e242707394cadadd9814f5cbaa20e96"
            ],
            "version": "==1.7.1"
        },
        "pymongo": {
            "hashes": [
                "sha256:01b4e10027aef5bb9ecefbc26f5df3368ce34aef81df43850f701e716e3fe16d",
                "sha256:0fc5aa1b1acf7f61af46fe0414e6a4d0c234b339db4c03a63da48599acf1cbfc",
                "sha256:1396eb7151e0558b1f817e4b9d7697d5599e5c40d839a9f7270bd90af994ad82",
                "sha256:18e84a3ec5e73adcb4187b8e5541b2ad61d716026ed9863267e650300d8bea33",
                "sha256:19adf2848b80cb349b9891cc854581bbf24c338be9a3260e73159bdeb2264464",
                "sha256:20ee0475aa2ba437b0a14806f125d696f90a8433d820fb558fdd6f052acde103",
                "sha256:26798795097bdeb571f13942beef7e0b60125397811c75b7aa9214d89880dd1d",
                "sha256:26e707a4eb851ec27bb969b5f1413b9b2eac28fe34271fa72329100317ea7c73",
                "sha256:2a3c7ad01553b27ec553688a1e6445e7f40355fb37d925c11fcb50b504e367f8",
                "sha256:2f07b27dbf303ea53f4147a7922ce91a26b34a0011131471d8aaf73151fdee9a",
                "sha256:316f0cf543013d0c085e15a2c8abe0db70f93c9722c0f99b6f3318ff69477d70",
                "sha256:31d11a600eea0c60de22c8bdcb58cda63c762891facdcb74248c36713240987f",
                "sha256:334ef3ffd0df87ea83a0054454336159f8ad9c1b389e19c0032d9cb8410660e6",
                "sha256:358ba4693c01022d507b96a980ded855a32dbdccc3c9331d0667be5e967f30ed",
                "sha256:3a6568bc53103df260f5c7d2da36dffc5202b9a36c85540bba1836a774943794",
                "sha256:444bf2f44264578c4085bb04493bfed0e5c1b4fe7c2704504d769f955cc78fe4",
                "sha256:47a00b22c52ee59dffc2aad02d0bbfb20c26ec5b8de8900492bf13ad6901cf35",
                "sha256:4c067db43b331fc709080d441cb2e157114fec60749667d12186cc3fc8e7a951",
                "sha256:4c092310f804a5d45a1bcaa4191d6d016c457b6ed3982a622c35f729ff1c7f6b",
                "sha256:53b711b33134e292ef8499835a3df10909c58df53a2a0308f598c432e9a62892",
                "sha256:568d6bee70652d8a5af1cd3eec48b4ca1696fb1773b80719ebbd2925b72cb8f6",
                "sha256:56fa55032782b7f8e0bf6956420d11e2d4e9860598dfe9c504edec53af0fc372",
                "sha256:5a2c492680c61b440272341294172fa3b3751797b1ab983533a770e4fb0a67ac",
                "sha256:61235cc39b5b2f593086d1d38f3fc130b2d125bd8fc8621d35bc5b6bdeb92bd2",
                "sha256:619ac9aaf681434b4d4718d1b31aa2f0fce64f2b3f8435688fcbdc0c818b6c54",
                "sha256:6238ac1f483494011abde5286282afdfacd8926659e222ba9b74c67008d3a58c",
                "sha256:63752a72ca4d4e1386278bd43d14232f51718b409e7ac86bcf8810826b531113",
                "sha256:6fdc5ccb43864065d40dd838437952e9e3da9821b7eac605ba46ada77f846bdf",
                "sha256:7abc3a6825a346fa4621a6f63e3b662bbb9e0f6ffc32d30a459d695f20fb1a8b",
                "sha256:7aef381bb9ae8a3821abd7f9d4d93978dbd99072b48522e181baeffcd95b56ae",
                "sha256:80df3caf251fe61a3f0c9614adc6e2bfcffd1cd3345280896766712fb4b4d6d7",
                "sha256:95f970f34b59987dee6f360d2e7d30e181d58957b85dff929eee4423739bd151",
                "sha256:993257f6ca3cde55332af1f62af3e04ca89ce63c08b56a387cdd46136c72f2fa",
                "sha256:9c0a57390549affc2b5dda24a38de03a5c7cbc58750cd161ff5d106c3c6eec80",
                "sha256:a0794e987d55d2f719cc95fcf980fc62d12b80e287e6a761c4be14c60bd9fecc",
                "sha256:a3b98121e68bf370dd8ea09df67e916f93ea95b52fc010902312168c4d1aff5d",
                "sha256:a60756d55f0887023b3899e6c2923ba5f0042fb11b1d17810b4e07395404f33e",
                "sha256:a676bd2fbc2309092b9bbb0083d35718b5420af3a42135ebb1e4c3633f56604d",
                "sha256:a732838c78554c1257ff2492f5c8c4c7312d0aecd7f732149e255f3749edd5ee",
                "sha256:ae65d65fde4135ef423a2608587c9ef585a3551fc2e4e431e7c7e527047581be",
                "sha256:b070a4f064a9edb70f921bfdc270725cff7a78c22036dd37a767c51393fb956f",
                "sha256:b6da85949aa91e9f8c521681344bd2e163de894a5492337fba8b05c409225a4f",
                "sha256:bbf47110765b2a999803a7de457567389253f8670f7daafb98e059c899ce9764",
                "sha256:c06b3f998d2d7160db58db69adfb807d2ec307e883e2f17f6b87a1ef6c723f11",
                "sha256:c318fb70542be16d3d4063cde6010b1e4d328993a793529c15a619251f517c39",
                "sha256:c4aef42e5fa4c9d5a99f751fb79caa880dac7eaf8a65121549318b984676a1b7",
                "sha256:c9ca545e93a9c2a3bdaa2e6e21f7a43267ff0813e8055adf2b591c13164c0c57",
                "sha256:da2c3220eb55c4239dd8b982e213da0b79023cac59fe54ca09365f2bc7e4ad32",
                "sha256:dd8055da300535eefd446b30995c0813cc4394873c9509323762a93e97c04c03",
                "sha256:e2b46e092ea54b732d98c476720386ff2ccd126de1e52076b470b117bff7e409",
                "sha256:e334c4f39a2863a239d38b5829e442a87f241a92da9941861ee6ec5d6380b7fe",
                "sha256:e5c54f04ca42bbb5153aec5d4f2e3d9f81e316945220ac318abd4083308143f5",
                "sha256:f96333f9d2517c752c20a35ff95de5fc2763ac8cdb1653df0f6f45d281620606"
            ],
            "index": "pypi",
            "version": "==3.10.1"
        },
        "python-crontab": {
            "hashes": [
                "sha256:3ac1608ff76032e6fc6e16b5fbf83b51557e0e066bf78e9f88571571e7bd7ae6"
            ],
            "index": "pypi",
            "version": "==2.4.0"
        },
        "python-dateutil": {
            "hashes": [
                "sha256:73ebfe9dbf22e832286dafa60473e4cd239f8592f699aa5adaf10050e6e1823c",
                "sha256:75bb3f31ea686f1197762692a9ee6a7550b59fc6ca3a1f4b5d7e32fb98e2da2a"
            ],
            "version": "==2.8.1"
        },
        "pytz": {
            "hashes": [
                "sha256:1c557d7d0e871de1f5ccd5833f60fb2550652da6be2693c1e02300743d21500d",
                "sha256:b02c06db6cf09c12dd25137e563b31700d3b80fcc4ad23abb7a315f2789819be"
            ],
            "version": "==2019.3"
        },
        "requests": {
            "hashes": [
                "sha256:11e007a8a2aa0323f5a921e9e6a2d7e4e67d9877e85773fba9ba6419025cbeb4",
                "sha256:9cf5292fcd0f598c671cfc1e0d7d1a7f13bb8085e9a590f48c010551dc6c4b31"
            ],
            "index": "pypi",
            "version": "==2.22.0"
        },
        "schedule": {
            "hashes": [
                "sha256:3f895a1036799a25ab9c335de917073e63cf8256920917e932777382f101f08f",
                "sha256:f9fb5181283de4db6e701d476dd01b6a3dd81c38462a54991ddbb9d26db857c9"
            ],
            "index": "pypi",
            "version": "==0.6.0"
        },
        "six": {
            "hashes": [
                "sha256:236bdbdce46e6e6a3d61a337c0f8b763ca1e8717c03b369e87a7ec7ce1319c0a",
                "sha256:8f3cd2e254d8f793e7f3d6d9df77b92252b52637291d0f0da013c76ea2724b6c"
            ],
            "version": "==1.14.0"
        },
        "sqlparse": {
            "hashes": [
                "sha256:40afe6b8d4b1117e7dff5504d7a8ce07d9a1b15aeeade8a2d10f130a834f8177",
                "sha256:7c3dca29c022744e95b547e867cee89f4fce4373f3549ccd8797d8eb52cdb873"
            ],
            "version": "==0.3.0"
        },
        "urllib3": {
            "hashes": [
                "sha256:2f3db8b19923a873b3e5256dc9c2dedfa883e33d87c690d9c7913e1f40673cdc",
                "sha256:87716c2d2a7121198ebcb7ce7cccf6ce5e9ba539041cfbaeecfb641dc0bf6acc"
            ],
            "version": "==1.25.8"
        }
    },
    "develop": {}
}
